
Microsoft Visual Studio Solution File, Format Version 12.00
# Visual Studio 15
VisualStudioVersion = 15.0.28010.2036
MinimumVisualStudioVersion = 10.0.40219.1
Project("{FAE04EC0-301F-11D3-BF4B-00C04F79EFBC}") = "Ковалёв Н. ДЗ Урок 8", "Ковалёв Н. ДЗ Урок 8\Ковалёв Н. ДЗ Урок 8.csproj", "{C9B959A1-19F7-4C60-BA07-3AD90D0946DE}"
EndProject
Global
	GlobalSection(SolutionConfigurationPlatforms) = preSolution
		Debug|Any CPU = Debug|Any CPU
		Release|Any CPU = Release|Any CPU
	EndGlobalSection
	GlobalSection(ProjectConfigurationPlatforms) = postSolution
		{C9B959A1-19F7-4C60-BA07-3AD90D0946DE}.Debug|Any CPU.ActiveCfg = Debug|Any CPU
		{C9B959A1-19F7-4C60-BA07-3AD90D0946DE}.Debug|Any CPU.Build.0 = Debug|Any CPU
		{C9B959A1-19F7-4C60-BA07-3AD90D0946DE}.Release|Any CPU.ActiveCfg = Release|Any CPU
		{C9B959A1-19F7-4C60-BA07-3AD90D0946DE}.Release|Any CPU.Build.0 = Release|Any CPU
	EndGlobalSection
	GlobalSection(SolutionProperties) = preSolution
		HideSolutionNode = FALSE
	EndGlobalSection
	GlobalSection(ExtensibilityGlobals) = postSolution
		SolutionGuid = {EBE73578-DE2C-4832-9C24-D46AEEE47F02}
	EndGlobalSection
EndGlobal
