
Microsoft Visual Studio Solution File, Format Version 12.00
# Visual Studio 15
VisualStudioVersion = 15.0.28010.2036
MinimumVisualStudioVersion = 10.0.40219.1
Project("{FAE04EC0-301F-11D3-BF4B-00C04F79EFBC}") = "Ковалёв Н. ДЗ Урок 4", "Ковалёв Н. ДЗ Урок 4\Ковалёв Н. ДЗ Урок 4.csproj", "{36BFE5A2-689C-49FE-8AD8-B7C85746CCAC}"
EndProject
Global
	GlobalSection(SolutionConfigurationPlatforms) = preSolution
		Debug|Any CPU = Debug|Any CPU
		Release|Any CPU = Release|Any CPU
	EndGlobalSection
	GlobalSection(ProjectConfigurationPlatforms) = postSolution
		{36BFE5A2-689C-49FE-8AD8-B7C85746CCAC}.Debug|Any CPU.ActiveCfg = Debug|Any CPU
		{36BFE5A2-689C-49FE-8AD8-B7C85746CCAC}.Debug|Any CPU.Build.0 = Debug|Any CPU
		{36BFE5A2-689C-49FE-8AD8-B7C85746CCAC}.Release|Any CPU.ActiveCfg = Release|Any CPU
		{36BFE5A2-689C-49FE-8AD8-B7C85746CCAC}.Release|Any CPU.Build.0 = Release|Any CPU
	EndGlobalSection
	GlobalSection(SolutionProperties) = preSolution
		HideSolutionNode = FALSE
	EndGlobalSection
	GlobalSection(ExtensibilityGlobals) = postSolution
		SolutionGuid = {0157DECD-C5FB-41DF-B620-335542A0D9B3}
	EndGlobalSection
EndGlobal
